
Microsoft Visual Studio Solution File, Format Version 12.00
# Visual Studio Version 17
VisualStudioVersion = 17.1.32228.430
MinimumVisualStudioVersion = 10.0.40219.1
Project("{9A19103F-16F7-4668-BE54-9A1E7A4F7556}") = "MainApi", "MainApi\MainApi.csproj", "{AF777216-C1B3-46BD-A9EA-6F0A5DACB93D}"
EndProject
Project("{E53339B2-1760-4266-BCC7-CA923CBCF16C}") = "docker-compose", "docker-compose.dcproj", "{5DDED81B-A176-42D0-823F-7757B3F6949D}"
EndProject
Global
	GlobalSection(SolutionConfigurationPlatforms) = preSolution
		Debug|Any CPU = Debug|Any CPU
		Release|Any CPU = Release|Any CPU
	EndGlobalSection
	GlobalSection(ProjectConfigurationPlatforms) = postSolution
		{AF777216-C1B3-46BD-A9EA-6F0A5DACB93D}.Debug|Any CPU.ActiveCfg = Debug|Any CPU
		{AF777216-C1B3-46BD-A9EA-6F0A5DACB93D}.Debug|Any CPU.Build.0 = Debug|Any CPU
		{AF777216-C1B3-46BD-A9EA-6F0A5DACB93D}.Release|Any CPU.ActiveCfg = Release|Any CPU
		{AF777216-C1B3-46BD-A9EA-6F0A5DACB93D}.Release|Any CPU.Build.0 = Release|Any CPU
		{5DDED81B-A176-42D0-823F-7757B3F6949D}.Debug|Any CPU.ActiveCfg = Debug|Any CPU
		{5DDED81B-A176-42D0-823F-7757B3F6949D}.Debug|Any CPU.Build.0 = Debug|Any CPU
		{5DDED81B-A176-42D0-823F-7757B3F6949D}.Release|Any CPU.ActiveCfg = Release|Any CPU
		{5DDED81B-A176-42D0-823F-7757B3F6949D}.Release|Any CPU.Build.0 = Release|Any CPU
	EndGlobalSection
	GlobalSection(SolutionProperties) = preSolution
		HideSolutionNode = FALSE
	EndGlobalSection
	GlobalSection(ExtensibilityGlobals) = postSolution
		SolutionGuid = {A5992AAD-9309-4C4F-B1E7-23D0ABDC4313}
	EndGlobalSection
EndGlobal
