
Microsoft Visual Studio Solution File, Format Version 12.00
# Visual Studio Version 17
VisualStudioVersion = 17.1.32228.430
MinimumVisualStudioVersion = 10.0.40219.1
Project("{FAE04EC0-301F-11D3-BF4B-00C04F79EFBC}") = "WebAPI", "WebAPI1\WebAPI.csproj", "{5D1A719B-A650-4343-9ECA-FE0685125A7B}"
EndProject
Project("{E53339B2-1760-4266-BCC7-CA923CBCF16C}") = "docker-compose", "docker-compose.dcproj", "{BEA96738-3255-43F8-8ED5-0BE34745A81B}"
EndProject
Project("{9A19103F-16F7-4668-BE54-9A1E7A4F7556}") = "DataAccess", "..\minAPI\DataAccess\DataAccess.csproj", "{C725AC71-164B-42B6-B557-B157FD1232F2}"
EndProject
Global
	GlobalSection(SolutionConfigurationPlatforms) = preSolution
		Debug|Any CPU = Debug|Any CPU
		Release|Any CPU = Release|Any CPU
	EndGlobalSection
	GlobalSection(ProjectConfigurationPlatforms) = postSolution
		{5D1A719B-A650-4343-9ECA-FE0685125A7B}.Debug|Any CPU.ActiveCfg = Debug|Any CPU
		{5D1A719B-A650-4343-9ECA-FE0685125A7B}.Debug|Any CPU.Build.0 = Debug|Any CPU
		{5D1A719B-A650-4343-9ECA-FE0685125A7B}.Release|Any CPU.ActiveCfg = Release|Any CPU
		{5D1A719B-A650-4343-9ECA-FE0685125A7B}.Release|Any CPU.Build.0 = Release|Any CPU
		{BEA96738-3255-43F8-8ED5-0BE34745A81B}.Debug|Any CPU.ActiveCfg = Debug|Any CPU
		{BEA96738-3255-43F8-8ED5-0BE34745A81B}.Debug|Any CPU.Build.0 = Debug|Any CPU
		{BEA96738-3255-43F8-8ED5-0BE34745A81B}.Release|Any CPU.ActiveCfg = Release|Any CPU
		{BEA96738-3255-43F8-8ED5-0BE34745A81B}.Release|Any CPU.Build.0 = Release|Any CPU
		{C725AC71-164B-42B6-B557-B157FD1232F2}.Debug|Any CPU.ActiveCfg = Debug|Any CPU
		{C725AC71-164B-42B6-B557-B157FD1232F2}.Debug|Any CPU.Build.0 = Debug|Any CPU
		{C725AC71-164B-42B6-B557-B157FD1232F2}.Release|Any CPU.ActiveCfg = Release|Any CPU
		{C725AC71-164B-42B6-B557-B157FD1232F2}.Release|Any CPU.Build.0 = Release|Any CPU
	EndGlobalSection
	GlobalSection(SolutionProperties) = preSolution
		HideSolutionNode = FALSE
	EndGlobalSection
	GlobalSection(ExtensibilityGlobals) = postSolution
		SolutionGuid = {86ABF329-DE77-41F7-814D-0DF509AC22F6}
	EndGlobalSection
EndGlobal
